
Microsoft Visual Studio Solution File, Format Version 12.00
# Visual Studio Version 17
VisualStudioVersion = 17.10.35027.167
MinimumVisualStudioVersion = 10.0.40219.1
Project("{9A19103F-16F7-4668-BE54-9A1E7A4F7556}") = "JobScheduler", "JobScheduler\JobScheduler.csproj", "{CE44F58C-B445-48C6-B706-02344E1A6531}"
EndProject
Project("{FAE04EC0-301F-11D3-BF4B-00C04F79EFBC}") = "JobScheduler.Tests", "JobScheduler.Tests\JobScheduler.Tests.csproj", "{AC540C25-1896-48E1-A1BD-9E6DF01F623C}"
EndProject
Global
	GlobalSection(SolutionConfigurationPlatforms) = preSolution
		Debug|Any CPU = Debug|Any CPU
		Release|Any CPU = Release|Any CPU
	EndGlobalSection
	GlobalSection(ProjectConfigurationPlatforms) = postSolution
		{CE44F58C-B445-48C6-B706-02344E1A6531}.Debug|Any CPU.ActiveCfg = Debug|Any CPU
		{CE44F58C-B445-48C6-B706-02344E1A6531}.Debug|Any CPU.Build.0 = Debug|Any CPU
		{CE44F58C-B445-48C6-B706-02344E1A6531}.Release|Any CPU.ActiveCfg = Release|Any CPU
		{CE44F58C-B445-48C6-B706-02344E1A6531}.Release|Any CPU.Build.0 = Release|Any CPU
		{AC540C25-1896-48E1-A1BD-9E6DF01F623C}.Debug|Any CPU.ActiveCfg = Debug|Any CPU
		{AC540C25-1896-48E1-A1BD-9E6DF01F623C}.Debug|Any CPU.Build.0 = Debug|Any CPU
		{AC540C25-1896-48E1-A1BD-9E6DF01F623C}.Release|Any CPU.ActiveCfg = Release|Any CPU
		{AC540C25-1896-48E1-A1BD-9E6DF01F623C}.Release|Any CPU.Build.0 = Release|Any CPU
	EndGlobalSection
	GlobalSection(SolutionProperties) = preSolution
		HideSolutionNode = FALSE
	EndGlobalSection
	GlobalSection(ExtensibilityGlobals) = postSolution
		SolutionGuid = {68C80299-5D1D-4CC5-AE4E-C7BC22A11EBD}
	EndGlobalSection
EndGlobal
